// !$*UTF8*$!
{
	archiveVersion = 1;
	classes = {
	};
	objectVersion = 48;
	objects = {

/* Begin PBXBuildFile section */
		5B66B7B02088AB3300257D0F /* delete.png in Resources */ = {isa = PBXBuildFile; fileRef = 5B66B7AF2088AB3300257D0F /* delete.png */; };
		5B70DD6520748260007F35DA /* CategoryTableViewController.swift in Sources */ = {isa = PBXBuildFile; fileRef = 5B70DD6420748260007F35DA /* CategoryTableViewController.swift */; };
		5BD08814206709AF001952DB /* AppDelegate.swift in Sources */ = {isa = PBXBuildFile; fileRef = 5BD08813206709AF001952DB /* AppDelegate.swift */; };
		5BD08816206709AF001952DB /* TodoListViewController.swift in Sources */ = {isa = PBXBuildFile; fileRef = 5BD08815206709AF001952DB /* TodoListViewController.swift */; };
		5BD08819206709AF001952DB /* Main.storyboard in Resources */ = {isa = PBXBuildFile; fileRef = 5BD08817206709AF001952DB /* Main.storyboard */; };
		5BD0881B206709AF001952DB /* Assets.xcassets in Resources */ = {isa = PBXBuildFile; fileRef = 5BD0881A206709AF001952DB /* Assets.xcassets */; };
		5BD0881E206709AF001952DB /* LaunchScreen.storyboard in Resources */ = {isa = PBXBuildFile; fileRef = 5BD0881C206709AF001952DB /* LaunchScreen.storyboard */; };
		5BFA11612082B75C004173CF /* Item.swift in Sources */ = {isa = PBXBuildFile; fileRef = 5BFA11602082B75C004173CF /* Item.swift */; };
		5BFA11632082B769004173CF /* Category.swift in Sources */ = {isa = PBXBuildFile; fileRef = 5BFA11622082B769004173CF /* Category.swift */; };
		FF7FCF50C308287FDECF279D /* Pods_todoey.framework in Frameworks */ = {isa = PBXBuildFile; fileRef = 194505C9FC852E981A45F6EB /* Pods_todoey.framework */; };
/* End PBXBuildFile section */

/* Begin PBXFileReference section */
		194505C9FC852E981A45F6EB /* Pods_todoey.framework */ = {isa = PBXFileReference; explicitFileType = wrapper.framework; includeInIndex = 0; path = Pods_todoey.framework; sourceTree = BUILT_PRODUCTS_DIR; };
		4DE8B9C3CFA39ED533D41921 /* Pods-todoey.release.xcconfig */ = {isa = PBXFileReference; includeInIndex = 1; lastKnownFileType = text.xcconfig; name = "Pods-todoey.release.xcconfig"; path = "Pods/Target Support Files/Pods-todoey/Pods-todoey.release.xcconfig"; sourceTree = "<group>"; };
		5B66B7AF2088AB3300257D0F /* delete.png */ = {isa = PBXFileReference; lastKnownFileType = image.png; path = delete.png; sourceTree = "<group>"; };
		5B70DD6420748260007F35DA /* CategoryTableViewController.swift */ = {isa = PBXFileReference; lastKnownFileType = sourcecode.swift; path = CategoryTableViewController.swift; sourceTree = "<group>"; };
		5BD08810206709AF001952DB /* todoey.app */ = {isa = PBXFileReference; explicitFileType = wrapper.application; includeInIndex = 0; path = todoey.app; sourceTree = BUILT_PRODUCTS_DIR; };
		5BD08813206709AF001952DB /* AppDelegate.swift */ = {isa = PBXFileReference; lastKnownFileType = sourcecode.swift; path = AppDelegate.swift; sourceTree = "<group>"; };
		5BD08815206709AF001952DB /* TodoListViewController.swift */ = {isa = PBXFileReference; lastKnownFileType = sourcecode.swift; path = TodoListViewController.swift; sourceTree = "<group>"; };
		5BD08818206709AF001952DB /* Base */ = {isa = PBXFileReference; lastKnownFileType = file.storyboard; name = Base; path = Base.lproj/Main.storyboard; sourceTree = "<group>"; };
		5BD0881A206709AF001952DB /* Assets.xcassets */ = {isa = PBXFileReference; lastKnownFileType = folder.assetcatalog; path = Assets.xcassets; sourceTree = "<group>"; };
		5BD0881D206709AF001952DB /* Base */ = {isa = PBXFileReference; lastKnownFileType = file.storyboard; name = Base; path = Base.lproj/LaunchScreen.storyboard; sourceTree = "<group>"; };
		5BD0881F206709AF001952DB /* Info.plist */ = {isa = PBXFileReference; lastKnownFileType = text.plist.xml; path = Info.plist; sourceTree = "<group>"; };
		5BFA11602082B75C004173CF /* Item.swift */ = {isa = PBXFileReference; lastKnownFileType = sourcecode.swift; path = Item.swift; sourceTree = "<group>"; };
		5BFA11622082B769004173CF /* Category.swift */ = {isa = PBXFileReference; lastKnownFileType = sourcecode.swift; path = Category.swift; sourceTree = "<group>"; };
		F033859936DA41548087FC84 /* Pods-todoey.debug.xcconfig */ = {isa = PBXFileReference; includeInIndex = 1; lastKnownFileType = text.xcconfig; name = "Pods-todoey.debug.xcconfig"; path = "Pods/Target Support Files/Pods-todoey/Pods-todoey.debug.xcconfig"; sourceTree = "<group>"; };
/* End PBXFileReference section */

/* Begin PBXFrameworksBuildPhase section */
		5BD0880D206709AF001952DB /* Frameworks */ = {
			isa = PBXFrameworksBuildPhase;
			buildActionMask = 2147483647;
			files = (
				FF7FCF50C308287FDECF279D /* Pods_todoey.framework in Frameworks */,
			);
			runOnlyForDeploymentPostprocessing = 0;
		};
/* End PBXFrameworksBuildPhase section */

/* Begin PBXGroup section */
		5B2F0A4F206B027D001E39B3 /* Data Model */ = {
			isa = PBXGroup;
			children = (
				5BFA11622082B769004173CF /* Category.swift */,
				5BFA11602082B75C004173CF /* Item.swift */,
			);
			path = "Data Model";
			sourceTree = "<group>";
		};
		5B2F0A50206B02A0001E39B3 /* Views */ = {
			isa = PBXGroup;
			children = (
				5BD08817206709AF001952DB /* Main.storyboard */,
			);
			path = Views;
			sourceTree = "<group>";
		};
		5B2F0A51206B02A6001E39B3 /* Controllers */ = {
			isa = PBXGroup;
			children = (
				5B70DD6420748260007F35DA /* CategoryTableViewController.swift */,
				5BD08815206709AF001952DB /* TodoListViewController.swift */,
			);
			path = Controllers;
			sourceTree = "<group>";
		};
		5B2F0A58206B040F001E39B3 /* supportingfiles */ = {
			isa = PBXGroup;
			children = (
				5BD0881A206709AF001952DB /* Assets.xcassets */,
				5B66B7AF2088AB3300257D0F /* delete.png */,
				5BD0881C206709AF001952DB /* LaunchScreen.storyboard */,
			);
			path = supportingfiles;
			sourceTree = "<group>";
		};
		5BD08807206709AF001952DB = {
			isa = PBXGroup;
			children = (
				5BD08812206709AF001952DB /* todoey */,
				5BD08811206709AF001952DB /* Products */,
				9B542376D03EC7C7D449FCC3 /* Pods */,
				8AA31EF23ECC84271F831751 /* Frameworks */,
			);
			sourceTree = "<group>";
		};
		5BD08811206709AF001952DB /* Products */ = {
			isa = PBXGroup;
			children = (
				5BD08810206709AF001952DB /* todoey.app */,
			);
			name = Products;
			sourceTree = "<group>";
		};
		5BD08812206709AF001952DB /* todoey */ = {
			isa = PBXGroup;
			children = (
				5BD08813206709AF001952DB /* AppDelegate.swift */,
				5B2F0A51206B02A6001E39B3 /* Controllers */,
				5B2F0A4F206B027D001E39B3 /* Data Model */,
				5B2F0A50206B02A0001E39B3 /* Views */,
				5B2F0A58206B040F001E39B3 /* supportingfiles */,
				5BD0881F206709AF001952DB /* Info.plist */,
			);
			path = todoey;
			sourceTree = "<group>";
		};
		8AA31EF23ECC84271F831751 /* Frameworks */ = {
			isa = PBXGroup;
			children = (
				194505C9FC852E981A45F6EB /* Pods_todoey.framework */,
			);
			name = Frameworks;
			sourceTree = "<group>";
		};
		9B542376D03EC7C7D449FCC3 /* Pods */ = {
			isa = PBXGroup;
			children = (
				F033859936DA41548087FC84 /* Pods-todoey.debug.xcconfig */,
				4DE8B9C3CFA39ED533D41921 /* Pods-todoey.release.xcconfig */,
			);
			name = Pods;
			sourceTree = "<group>";
		};
/* End PBXGroup section */

/* Begin PBXNativeTarget section */
		5BD0880F206709AF001952DB /* todoey */ = {
			isa = PBXNativeTarget;
			buildConfigurationList = 5BD08822206709AF001952DB /* Build configuration list for PBXNativeTarget "todoey" */;
			buildPhases = (
				8ACAFF06B23E89378D38DB92 /* [CP] Check Pods Manifest.lock */,
				5BD0880C206709AF001952DB /* Sources */,
				5BD0880D206709AF001952DB /* Frameworks */,
				5BD0880E206709AF001952DB /* Resources */,
				78779B7570DCF7724CB65100 /* [CP] Embed Pods Frameworks */,
				BD30E3343BBFB08BA720733C /* [CP] Copy Pods Resources */,
			);
			buildRules = (
			);
			dependencies = (
			);
			name = todoey;
			productName = todoey;
			productReference = 5BD08810206709AF001952DB /* todoey.app */;
			productType = "com.apple.product-type.application";
		};
/* End PBXNativeTarget section */

/* Begin PBXProject section */
		5BD08808206709AF001952DB /* Project object */ = {
			isa = PBXProject;
			attributes = {
				LastSwiftUpdateCheck = 0920;
				LastUpgradeCheck = 0930;
				ORGANIZATIONNAME = "Gene Essel";
				TargetAttributes = {
					5BD0880F206709AF001952DB = {
						CreatedOnToolsVersion = 9.2;
						ProvisioningStyle = Automatic;
					};
				};
			};
			buildConfigurationList = 5BD0880B206709AF001952DB /* Build configuration list for PBXProject "todoey" */;
			compatibilityVersion = "Xcode 8.0";
			developmentRegion = en;
			hasScannedForEncodings = 0;
			knownRegions = (
				en,
				Base,
			);
			mainGroup = 5BD08807206709AF001952DB;
			productRefGroup = 5BD08811206709AF001952DB /* Products */;
			projectDirPath = "";
			projectRoot = "";
			targets = (
				5BD0880F206709AF001952DB /* todoey */,
			);
		};
/* End PBXProject section */

/* Begin PBXResourcesBuildPhase section */
		5BD0880E206709AF001952DB /* Resources */ = {
			isa = PBXResourcesBuildPhase;
			buildActionMask = 2147483647;
			files = (
				5B66B7B02088AB3300257D0F /* delete.png in Resources */,
				5BD0881E206709AF001952DB /* LaunchScreen.storyboard in Resources */,
				5BD0881B206709AF001952DB /* Assets.xcassets in Resources */,
				5BD08819206709AF001952DB /* Main.storyboard in Resources */,
			);
			runOnlyForDeploymentPostprocessing = 0;
		};
/* End PBXResourcesBuildPhase section */

/* Begin PBXShellScriptBuildPhase section */
		78779B7570DCF7724CB65100 /* [CP] Embed Pods Frameworks */ = {
			isa = PBXShellScriptBuildPhase;
			buildActionMask = 2147483647;
			files = (
			);
			inputPaths = (
				"${SRCROOT}/Pods/Target Support Files/Pods-todoey/Pods-todoey-frameworks.sh",
				"${BUILT_PRODUCTS_DIR}/Realm/Realm.framework",
				"${BUILT_PRODUCTS_DIR}/RealmSwift/RealmSwift.framework",
				"${BUILT_PRODUCTS_DIR}/SwipeCellKit/SwipeCellKit.framework",
			);
			name = "[CP] Embed Pods Frameworks";
			outputPaths = (
				"${TARGET_BUILD_DIR}/${FRAMEWORKS_FOLDER_PATH}/Realm.framework",
				"${TARGET_BUILD_DIR}/${FRAMEWORKS_FOLDER_PATH}/RealmSwift.framework",
				"${TARGET_BUILD_DIR}/${FRAMEWORKS_FOLDER_PATH}/SwipeCellKit.framework",
			);
			runOnlyForDeploymentPostprocessing = 0;
			shellPath = /bin/sh;
			shellScript = "\"${SRCROOT}/Pods/Target Support Files/Pods-todoey/Pods-todoey-frameworks.sh\"\n";
			showEnvVarsInLog = 0;
		};
		8ACAFF06B23E89378D38DB92 /* [CP] Check Pods Manifest.lock */ = {
			isa = PBXShellScriptBuildPhase;
			buildActionMask = 2147483647;
			files = (
			);
			inputPaths = (
				"${PODS_PODFILE_DIR_PATH}/Podfile.lock",
				"${PODS_ROOT}/Manifest.lock",
			);
			name = "[CP] Check Pods Manifest.lock";
			outputPaths = (
				"$(DERIVED_FILE_DIR)/Pods-todoey-checkManifestLockResult.txt",
			);
			runOnlyForDeploymentPostprocessing = 0;
			shellPath = /bin/sh;
			shellScript = "diff \"${PODS_PODFILE_DIR_PATH}/Podfile.lock\" \"${PODS_ROOT}/Manifest.lock\" > /dev/null\nif [ $? != 0 ] ; then\n    # print error to STDERR\n    echo \"error: The sandbox is not in sync with the Podfile.lock. Run 'pod install' or update your CocoaPods installation.\" >&2\n    exit 1\nfi\n# This output is used by Xcode 'outputs' to avoid re-running this script phase.\necho \"SUCCESS\" > \"${SCRIPT_OUTPUT_FILE_0}\"\n";
			showEnvVarsInLog = 0;
		};
		BD30E3343BBFB08BA720733C /* [CP] Copy Pods Resources */ = {
			isa = PBXShellScriptBuildPhase;
			buildActionMask = 2147483647;
			files = (
			);
			inputPaths = (
			);
			name = "[CP] Copy Pods Resources";
			outputPaths = (
			);
			runOnlyForDeploymentPostprocessing = 0;
			shellPath = /bin/sh;
			shellScript = "\"${SRCROOT}/Pods/Target Support Files/Pods-todoey/Pods-todoey-resources.sh\"\n";
			showEnvVarsInLog = 0;
		};
/* End PBXShellScriptBuildPhase section */

/* Begin PBXSourcesBuildPhase section */
		5BD0880C206709AF001952DB /* Sources */ = {
			isa = PBXSourcesBuildPhase;
			buildActionMask = 2147483647;
			files = (
				5BD08816206709AF001952DB /* TodoListViewController.swift in Sources */,
				5BD08814206709AF001952DB /* AppDelegate.swift in Sources */,
				5BFA11612082B75C004173CF /* Item.swift in Sources */,
				5B70DD6520748260007F35DA /* CategoryTableViewController.swift in Sources */,
				5BFA11632082B769004173CF /* Category.swift in Sources */,
			);
			runOnlyForDeploymentPostprocessing = 0;
		};
/* End PBXSourcesBuildPhase section */

/* Begin PBXVariantGroup section */
		5BD08817206709AF001952DB /* Main.storyboard */ = {
			isa = PBXVariantGroup;
			children = (
				5BD08818206709AF001952DB /* Base */,
			);
			name = Main.storyboard;
			sourceTree = "<group>";
		};
		5BD0881C206709AF001952DB /* LaunchScreen.storyboard */ = {
			isa = PBXVariantGroup;
			children = (
				5BD0881D206709AF001952DB /* Base */,
			);
			name = LaunchScreen.storyboard;
			sourceTree = "<group>";
		};
/* End PBXVariantGroup section */

/* Begin XCBuildConfiguration section */
		5BD08820206709AF001952DB /* Debug */ = {
			isa = XCBuildConfiguration;
			buildSettings = {
				ALWAYS_SEARCH_USER_PATHS = NO;
				CLANG_ANALYZER_NONNULL = YES;
				CLANG_ANALYZER_NUMBER_OBJECT_CONVERSION = YES_AGGRESSIVE;
				CLANG_CXX_LANGUAGE_STANDARD = "gnu++14";
				CLANG_CXX_LIBRARY = "libc++";
				CLANG_ENABLE_MODULES = YES;
				CLANG_ENABLE_OBJC_ARC = YES;
				CLANG_WARN_BLOCK_CAPTURE_AUTORELEASING = YES;
				CLANG_WARN_BOOL_CONVERSION = YES;
				CLANG_WARN_COMMA = YES;
				CLANG_WARN_CONSTANT_CONVERSION = YES;
				CLANG_WARN_DEPRECATED_OBJC_IMPLEMENTATIONS = YES;
				CLANG_WARN_DIRECT_OBJC_ISA_USAGE = YES_ERROR;
				CLANG_WARN_DOCUMENTATION_COMMENTS = YES;
				CLANG_WARN_EMPTY_BODY = YES;
				CLANG_WARN_ENUM_CONVERSION = YES;
				CLANG_WARN_INFINITE_RECURSION = YES;
				CLANG_WARN_INT_CONVERSION = YES;
				CLANG_WARN_NON_LITERAL_NULL_CONVERSION = YES;
				CLANG_WARN_OBJC_IMPLICIT_RETAIN_SELF = YES;
				CLANG_WARN_OBJC_LITERAL_CONVERSION = YES;
				CLANG_WARN_OBJC_ROOT_CLASS = YES_ERROR;
				CLANG_WARN_RANGE_LOOP_ANALYSIS = YES;
				CLANG_WARN_STRICT_PROTOTYPES = YES;
				CLANG_WARN_SUSPICIOUS_MOVE = YES;
				CLANG_WARN_UNGUARDED_AVAILABILITY = YES_AGGRESSIVE;
				CLANG_WARN_UNREACHABLE_CODE = YES;
				CLANG_WARN__DUPLICATE_METHOD_MATCH = YES;
				CODE_SIGN_IDENTITY = "iPhone Developer";
				COPY_PHASE_STRIP = NO;
				DEBUG_INFORMATION_FORMAT = dwarf;
				ENABLE_STRICT_OBJC_MSGSEND = YES;
				ENABLE_TESTABILITY = YES;
				GCC_C_LANGUAGE_STANDARD = gnu11;
				GCC_DYNAMIC_NO_PIC = NO;
				GCC_NO_COMMON_BLOCKS = YES;
				GCC_OPTIMIZATION_LEVEL = 0;
				GCC_PREPROCESSOR_DEFINITIONS = (
					"DEBUG=1",
					"$(inherited)",
				);
				GCC_WARN_64_TO_32_BIT_CONVERSION = YES;
				GCC_WARN_ABOUT_RETURN_TYPE = YES_ERROR;
				GCC_WARN_UNDECLARED_SELECTOR = YES;
				GCC_WARN_UNINITIALIZED_AUTOS = YES_AGGRESSIVE;
				GCC_WARN_UNUSED_FUNCTION = YES;
				GCC_WARN_UNUSED_VARIABLE = YES;
				IPHONEOS_DEPLOYMENT_TARGET = 11.2;
				MTL_ENABLE_DEBUG_INFO = YES;
				ONLY_ACTIVE_ARCH = YES;
				SDKROOT = iphoneos;
				SWIFT_ACTIVE_COMPILATION_CONDITIONS = DEBUG;
				SWIFT_OPTIMIZATION_LEVEL = "-Onone";
			};
			name = Debug;
		};
		5BD08821206709AF001952DB /* Release */ = {
			isa = XCBuildConfiguration;
			buildSettings = {
				ALWAYS_SEARCH_USER_PATHS = NO;
				CLANG_ANALYZER_NONNULL = YES;
				CLANG_ANALYZER_NUMBER_OBJECT_CONVERSION = YES_AGGRESSIVE;
				CLANG_CXX_LANGUAGE_STANDARD = "gnu++14";
				CLANG_CXX_LIBRARY = "libc++";
				CLANG_ENABLE_MODULES = YES;
				CLANG_ENABLE_OBJC_ARC = YES;
				CLANG_WARN_BLOCK_CAPTURE_AUTORELEASING = YES;
				CLANG_WARN_BOOL_CONVERSION = YES;
				CLANG_WARN_COMMA = YES;
				CLANG_WARN_CONSTANT_CONVERSION = YES;
				CLANG_WARN_DEPRECATED_OBJC_IMPLEMENTATIONS = YES;
				CLANG_WARN_DIRECT_OBJC_ISA_USAGE = YES_ERROR;
				CLANG_WARN_DOCUMENTATION_COMMENTS = YES;
				CLANG_WARN_EMPTY_BODY = YES;
				CLANG_WARN_ENUM_CONVERSION = YES;
				CLANG_WARN_INFINITE_RECURSION = YES;
				CLANG_WARN_INT_CONVERSION = YES;
				CLANG_WARN_NON_LITERAL_NULL_CONVERSION = YES;
				CLANG_WARN_OBJC_IMPLICIT_RETAIN_SELF = YES;
				CLANG_WARN_OBJC_LITERAL_CONVERSION = YES;
				CLANG_WARN_OBJC_ROOT_CLASS = YES_ERROR;
				CLANG_WARN_RANGE_LOOP_ANALYSIS = YES;
				CLANG_WARN_STRICT_PROTOTYPES = YES;
				CLANG_WARN_SUSPICIOUS_MOVE = YES;
				CLANG_WARN_UNGUARDED_AVAILABILITY = YES_AGGRESSIVE;
				CLANG_WARN_UNREACHABLE_CODE = YES;
				CLANG_WARN__DUPLICATE_METHOD_MATCH = YES;
				CODE_SIGN_IDENTITY = "iPhone Developer";
				COPY_PHASE_STRIP = NO;
				DEBUG_INFORMATION_FORMAT = "dwarf-with-dsym";
				ENABLE_NS_ASSERTIONS = NO;
				ENABLE_STRICT_OBJC_MSGSEND = YES;
				GCC_C_LANGUAGE_STANDARD = gnu11;
				GCC_NO_COMMON_BLOCKS = YES;
				GCC_WARN_64_TO_32_BIT_CONVERSION = YES;
				GCC_WARN_ABOUT_RETURN_TYPE = YES_ERROR;
				GCC_WARN_UNDECLARED_SELECTOR = YES;
				GCC_WARN_UNINITIALIZED_AUTOS = YES_AGGRESSIVE;
				GCC_WARN_UNUSED_FUNCTION = YES;
				GCC_WARN_UNUSED_VARIABLE = YES;
				IPHONEOS_DEPLOYMENT_TARGET = 11.2;
				MTL_ENABLE_DEBUG_INFO = NO;
				SDKROOT = iphoneos;
				SWIFT_OPTIMIZATION_LEVEL = "-Owholemodule";
				VALIDATE_PRODUCT = YES;
			};
			name = Release;
		};
		5BD08823206709AF001952DB /* Debug */ = {
			isa = XCBuildConfiguration;
			baseConfigurationReference = F033859936DA41548087FC84 /* Pods-todoey.debug.xcconfig */;
			buildSettings = {
				ASSETCATALOG_COMPILER_APPICON_NAME = AppIcon;
				CODE_SIGN_STYLE = Automatic;
				DEVELOPMENT_TEAM = 9C5R9H4P7U;
				INFOPLIST_FILE = todoey/Info.plist;
				LD_RUNPATH_SEARCH_PATHS = "$(inherited) @executable_path/Frameworks";
				PRODUCT_BUNDLE_IDENTIFIER = com.danruss.todoey;
				PRODUCT_NAME = "$(TARGET_NAME)";
				SWIFT_VERSION = 4.0;
				TARGETED_DEVICE_FAMILY = "1,2";
			};
			name = Debug;
		};
		5BD08824206709AF001952DB /* Release */ = {
			isa = XCBuildConfiguration;
			baseConfigurationReference = 4DE8B9C3CFA39ED533D41921 /* Pods-todoey.release.xcconfig */;
			buildSettings = {
				ASSETCATALOG_COMPILER_APPICON_NAME = AppIcon;
				CODE_SIGN_STYLE = Automatic;
				DEVELOPMENT_TEAM = 9C5R9H4P7U;
				INFOPLIST_FILE = todoey/Info.plist;
				LD_RUNPATH_SEARCH_PATHS = "$(inherited) @executable_path/Frameworks";
				PRODUCT_BUNDLE_IDENTIFIER = com.danruss.todoey;
				PRODUCT_NAME = "$(TARGET_NAME)";
				SWIFT_VERSION = 4.0;
				TARGETED_DEVICE_FAMILY = "1,2";
			};
			name = Release;
		};
/* End XCBuildConfiguration section */

/* Begin XCConfigurationList section */
		5BD0880B206709AF001952DB /* Build configuration list for PBXProject "todoey" */ = {
			isa = XCConfigurationList;
			buildConfigurations = (
				5BD08820206709AF001952DB /* Debug */,
				5BD08821206709AF001952DB /* Release */,
			);
			defaultConfigurationIsVisible = 0;
			defaultConfigurationName = Release;
		};
		5BD08822206709AF001952DB /* Build configuration list for PBXNativeTarget "todoey" */ = {
			isa = XCConfigurationList;
			buildConfigurations = (
				5BD08823206709AF001952DB /* Debug */,
				5BD08824206709AF001952DB /* Release */,
			);
			defaultConfigurationIsVisible = 0;
			defaultConfigurationName = Release;
		};
/* End XCConfigurationList section */
	};
	rootObject = 5BD08808206709AF001952DB /* Project object */;
}
